
Microsoft Visual Studio Solution File, Format Version 12.00
# Visual Studio 15
VisualStudioVersion = 15.0.28307.421
MinimumVisualStudioVersion = 10.0.40219.1
Project("{FAE04EC0-301F-11D3-BF4B-00C04F79EFBC}") = "FTPClientWpf", "FTPClientWpf\FTPClientWpf.csproj", "{76E4901F-E0B3-421A-BE09-E713E315E43A}"
EndProject
Global
	GlobalSection(SolutionConfigurationPlatforms) = preSolution
		Debug|Any CPU = Debug|Any CPU
		Release|Any CPU = Release|Any CPU
	EndGlobalSection
	GlobalSection(ProjectConfigurationPlatforms) = postSolution
		{76E4901F-E0B3-421A-BE09-E713E315E43A}.Debug|Any CPU.ActiveCfg = Debug|Any CPU
		{76E4901F-E0B3-421A-BE09-E713E315E43A}.Debug|Any CPU.Build.0 = Debug|Any CPU
		{76E4901F-E0B3-421A-BE09-E713E315E43A}.Release|Any CPU.ActiveCfg = Release|Any CPU
		{76E4901F-E0B3-421A-BE09-E713E315E43A}.Release|Any CPU.Build.0 = Release|Any CPU
	EndGlobalSection
	GlobalSection(SolutionProperties) = preSolution
		HideSolutionNode = FALSE
	EndGlobalSection
	GlobalSection(ExtensibilityGlobals) = postSolution
		SolutionGuid = {BE8E12DF-E558-4FFE-B2C1-AB573C032E32}
	EndGlobalSection
EndGlobal
